
Microsoft Visual Studio Solution File, Format Version 12.00
# Visual Studio Version 16
VisualStudioVersion = 16.0.31005.135
MinimumVisualStudioVersion = 10.0.40219.1
Project("{FAE04EC0-301F-11D3-BF4B-00C04F79EFBC}") = "PrimerProyecto", "PrimerProyecto\PrimerProyecto.csproj", "{BDEE2113-06E3-45A9-894C-76DDFA18E062}"
EndProject
Global
	GlobalSection(SolutionConfigurationPlatforms) = preSolution
		Debug|Any CPU = Debug|Any CPU
		Release|Any CPU = Release|Any CPU
	EndGlobalSection
	GlobalSection(ProjectConfigurationPlatforms) = postSolution
		{BDEE2113-06E3-45A9-894C-76DDFA18E062}.Debug|Any CPU.ActiveCfg = Debug|Any CPU
		{BDEE2113-06E3-45A9-894C-76DDFA18E062}.Debug|Any CPU.Build.0 = Debug|Any CPU
		{BDEE2113-06E3-45A9-894C-76DDFA18E062}.Release|Any CPU.ActiveCfg = Release|Any CPU
		{BDEE2113-06E3-45A9-894C-76DDFA18E062}.Release|Any CPU.Build.0 = Release|Any CPU
	EndGlobalSection
	GlobalSection(SolutionProperties) = preSolution
		HideSolutionNode = FALSE
	EndGlobalSection
	GlobalSection(ExtensibilityGlobals) = postSolution
		SolutionGuid = {7DC7074C-A6D0-4E8A-A4B1-84E0EAEF7E57}
	EndGlobalSection
EndGlobal
